{
  "name": "alipay",
  "lockfileVersion": 3,
  "requires": true,
  "packages": {
    "": {
      "devDependencies": {
        "@mini-types/alipay": "^3"
      }
    },
    "node_modules/@mini-types/alipay": {
      "version": "3.0.14",
      "resolved": "https://registry.npmjs.org/@mini-types/alipay/-/alipay-3.0.14.tgz",
      "integrity": "sha512-FakzSsKvybtWlEIVTIRlr89kuQFn+XY86Ho9VUFFaKLplhW6Wx8FUxTDE7IzV7B9rT8DP/Icy637vUHlXPsw1g==",
      "dev": true,
      "dependencies": {
        "@mini-types/global": "3.0.14",
        "@mini-types/my": "3.0.14"
      }
    },
    "node_modules/@mini-types/global": {
      "version": "3.0.14",
      "resolved": "https://registry.npmjs.org/@mini-types/global/-/global-3.0.14.tgz",
      "integrity": "sha512-St2ucFRfKRskposOqV/9iNJTKn1MbyqDypQiy/0DaVJjEm2MFi82RJjX9sBz1uWhQIqzu741PgTjGSy7L/Qj9g==",
      "dev": true
    },
    "node_modules/@mini-types/my": {
      "version": "3.0.14",
      "resolved": "https://registry.npmjs.org/@mini-types/my/-/my-3.0.14.tgz",
      "integrity": "sha512-aEgmM+rbEvEzTvqltCFRAg/h6KKs14M1y+FrOkz+hn2EyNpOVPesUzTjbRhSiFFsE3WdfBh54lHNYBahAmHq7w==",
      "dev": true
    }
  }
}
